
Microsoft Visual Studio Solution File, Format Version 12.00
Project("{2150E333-8FDC-42A3-9474-1A3956D46DE8}") = "src", "src", "{06F0E64D-0F92-42D9-8405-7AD917041761}"
EndProject
Project("{2150E333-8FDC-42A3-9474-1A3956D46DE8}") = "tests", "tests", "{4AB54048-9658-4397-A51D-E7B1F093FD94}"
EndProject
Project("{2150E333-8FDC-42A3-9474-1A3956D46DE8}") = "Backend", "Backend", "{7F969916-24FE-44E0-A300-EB9CFE09A8D4}"
EndProject
Project("{2150E333-8FDC-42A3-9474-1A3956D46DE8}") = "Shared", "Shared", "{1FF107ED-B502-4743-B041-F965E7D18F37}"
EndProject
Project("{FAE04EC0-301F-11D3-BF4B-00C04F79EFBC}") = "MyRecipeBook.API", "src\Backend\MyRecipeBook.API\MyRecipeBook.API.csproj", "{118E733A-AB55-40F6-8F46-97E3A5A46097}"
EndProject
Project("{FAE04EC0-301F-11D3-BF4B-00C04F79EFBC}") = "MyRecipeBook.Application", "src\Backend\MyRecipeBook.Application\MyRecipeBook.Application.csproj", "{719CD3BE-6AFF-4B82-993E-CF80AD210C22}"
EndProject
Project("{FAE04EC0-301F-11D3-BF4B-00C04F79EFBC}") = "MyRecipeBook.Domain", "src\Backend\MyRecipeBook.Domain\MyRecipeBook.Domain.csproj", "{3145B80F-EA13-484A-9562-3A80FD50E3B9}"
EndProject
Project("{FAE04EC0-301F-11D3-BF4B-00C04F79EFBC}") = "MyRecipeBook.Infrastructure", "src\Backend\MyRecipeBook.Infrastructure\MyRecipeBook.Infrastructure.csproj", "{6ED3304B-D7AA-48A4-BDCE-E8039F9D79CA}"
EndProject
Project("{FAE04EC0-301F-11D3-BF4B-00C04F79EFBC}") = "MyRecipeBook.Communication", "src\Shared\MyRecipeBook.Communication\MyRecipeBook.Communication.csproj", "{1A049931-23AC-44CE-9DE5-50EC6CBB4C97}"
EndProject
Project("{FAE04EC0-301F-11D3-BF4B-00C04F79EFBC}") = "MyRecipeBook.Exceptions", "src\Shared\MyRecipeBook.Exceptions\MyRecipeBook.Exceptions.csproj", "{22B4A871-7B7C-441C-A5C7-4C7BB44BB9F1}"
EndProject
Global
	GlobalSection(SolutionConfigurationPlatforms) = preSolution
		Debug|Any CPU = Debug|Any CPU
		Release|Any CPU = Release|Any CPU
	EndGlobalSection
	GlobalSection(NestedProjects) = preSolution
		{7F969916-24FE-44E0-A300-EB9CFE09A8D4} = {06F0E64D-0F92-42D9-8405-7AD917041761}
		{1FF107ED-B502-4743-B041-F965E7D18F37} = {06F0E64D-0F92-42D9-8405-7AD917041761}
		{118E733A-AB55-40F6-8F46-97E3A5A46097} = {7F969916-24FE-44E0-A300-EB9CFE09A8D4}
		{719CD3BE-6AFF-4B82-993E-CF80AD210C22} = {7F969916-24FE-44E0-A300-EB9CFE09A8D4}
		{3145B80F-EA13-484A-9562-3A80FD50E3B9} = {7F969916-24FE-44E0-A300-EB9CFE09A8D4}
		{6ED3304B-D7AA-48A4-BDCE-E8039F9D79CA} = {7F969916-24FE-44E0-A300-EB9CFE09A8D4}
		{1A049931-23AC-44CE-9DE5-50EC6CBB4C97} = {1FF107ED-B502-4743-B041-F965E7D18F37}
		{22B4A871-7B7C-441C-A5C7-4C7BB44BB9F1} = {1FF107ED-B502-4743-B041-F965E7D18F37}
	EndGlobalSection
	GlobalSection(ProjectConfigurationPlatforms) = postSolution
		{118E733A-AB55-40F6-8F46-97E3A5A46097}.Debug|Any CPU.ActiveCfg = Debug|Any CPU
		{118E733A-AB55-40F6-8F46-97E3A5A46097}.Debug|Any CPU.Build.0 = Debug|Any CPU
		{118E733A-AB55-40F6-8F46-97E3A5A46097}.Release|Any CPU.ActiveCfg = Release|Any CPU
		{118E733A-AB55-40F6-8F46-97E3A5A46097}.Release|Any CPU.Build.0 = Release|Any CPU
		{719CD3BE-6AFF-4B82-993E-CF80AD210C22}.Debug|Any CPU.ActiveCfg = Debug|Any CPU
		{719CD3BE-6AFF-4B82-993E-CF80AD210C22}.Debug|Any CPU.Build.0 = Debug|Any CPU
		{719CD3BE-6AFF-4B82-993E-CF80AD210C22}.Release|Any CPU.ActiveCfg = Release|Any CPU
		{719CD3BE-6AFF-4B82-993E-CF80AD210C22}.Release|Any CPU.Build.0 = Release|Any CPU
		{3145B80F-EA13-484A-9562-3A80FD50E3B9}.Debug|Any CPU.ActiveCfg = Debug|Any CPU
		{3145B80F-EA13-484A-9562-3A80FD50E3B9}.Debug|Any CPU.Build.0 = Debug|Any CPU
		{3145B80F-EA13-484A-9562-3A80FD50E3B9}.Release|Any CPU.ActiveCfg = Release|Any CPU
		{3145B80F-EA13-484A-9562-3A80FD50E3B9}.Release|Any CPU.Build.0 = Release|Any CPU
		{6ED3304B-D7AA-48A4-BDCE-E8039F9D79CA}.Debug|Any CPU.ActiveCfg = Debug|Any CPU
		{6ED3304B-D7AA-48A4-BDCE-E8039F9D79CA}.Debug|Any CPU.Build.0 = Debug|Any CPU
		{6ED3304B-D7AA-48A4-BDCE-E8039F9D79CA}.Release|Any CPU.ActiveCfg = Release|Any CPU
		{6ED3304B-D7AA-48A4-BDCE-E8039F9D79CA}.Release|Any CPU.Build.0 = Release|Any CPU
		{1A049931-23AC-44CE-9DE5-50EC6CBB4C97}.Debug|Any CPU.ActiveCfg = Debug|Any CPU
		{1A049931-23AC-44CE-9DE5-50EC6CBB4C97}.Debug|Any CPU.Build.0 = Debug|Any CPU
		{1A049931-23AC-44CE-9DE5-50EC6CBB4C97}.Release|Any CPU.ActiveCfg = Release|Any CPU
		{1A049931-23AC-44CE-9DE5-50EC6CBB4C97}.Release|Any CPU.Build.0 = Release|Any CPU
		{22B4A871-7B7C-441C-A5C7-4C7BB44BB9F1}.Debug|Any CPU.ActiveCfg = Debug|Any CPU
		{22B4A871-7B7C-441C-A5C7-4C7BB44BB9F1}.Debug|Any CPU.Build.0 = Debug|Any CPU
		{22B4A871-7B7C-441C-A5C7-4C7BB44BB9F1}.Release|Any CPU.ActiveCfg = Release|Any CPU
		{22B4A871-7B7C-441C-A5C7-4C7BB44BB9F1}.Release|Any CPU.Build.0 = Release|Any CPU
	EndGlobalSection
EndGlobal
